// !$*UTF8*$!
{
	archiveVersion = 1;
	classes = {
	};
	objectVersion = 46;
	objects = {

/* Begin PBXBuildFile section */
		8867912D1A5E2ADF00902C4C /* main.m in Sources */ = {isa = PBXBuildFile; fileRef = 8867912C1A5E2ADF00902C4C /* main.m */; };
		886791301A5E2ADF00902C4C /* AppDelegate.m in Sources */ = {isa = PBXBuildFile; fileRef = 8867912F1A5E2ADF00902C4C /* AppDelegate.m */; };
		886791331A5E2ADF00902C4C /* ViewController.m in Sources */ = {isa = PBXBuildFile; fileRef = 886791321A5E2ADF00902C4C /* ViewController.m */; };
		886791361A5E2ADF00902C4C /* Main.storyboard in Resources */ = {isa = PBXBuildFile; fileRef = 886791341A5E2ADF00902C4C /* Main.storyboard */; };
		886791381A5E2ADF00902C4C /* Images.xcassets in Resources */ = {isa = PBXBuildFile; fileRef = 886791371A5E2ADF00902C4C /* Images.xcassets */; };
		8867913B1A5E2ADF00902C4C /* LaunchScreen.xib in Resources */ = {isa = PBXBuildFile; fileRef = 886791391A5E2ADF00902C4C /* LaunchScreen.xib */; };
		88E887FD1A5E5E15007D9C49 /* ViewControllerB.m in Sources */ = {isa = PBXBuildFile; fileRef = 88E887FC1A5E5E15007D9C49 /* ViewControllerB.m */; };
/* End PBXBuildFile section */

/* Begin PBXContainerItemProxy section */
		886791411A5E2ADF00902C4C /* PBXContainerItemProxy */ = {
			isa = PBXContainerItemProxy;
			containerPortal = 8867911F1A5E2ADF00902C4C /* Project object */;
			proxyType = 1;
			remoteGlobalIDString = 886791261A5E2ADF00902C4C;
			remoteInfo = test000;
		};
/* End PBXContainerItemProxy section */

/* Begin PBXFileReference section */
		886791271A5E2ADF00902C4C /* GCProtocol&Delegate.app */ = {isa = PBXFileReference; explicitFileType = wrapper.application; includeInIndex = 0; path = "GCProtocol&Delegate.app"; sourceTree = BUILT_PRODUCTS_DIR; };
		8867912B1A5E2ADF00902C4C /* Info.plist */ = {isa = PBXFileReference; lastKnownFileType = text.plist.xml; path = Info.plist; sourceTree = "<group>"; };
		8867912C1A5E2ADF00902C4C /* main.m */ = {isa = PBXFileReference; lastKnownFileType = sourcecode.c.objc; path = main.m; sourceTree = "<group>"; };
		8867912E1A5E2ADF00902C4C /* AppDelegate.h */ = {isa = PBXFileReference; lastKnownFileType = sourcecode.c.h; path = AppDelegate.h; sourceTree = "<group>"; };
		8867912F1A5E2ADF00902C4C /* AppDelegate.m */ = {isa = PBXFileReference; lastKnownFileType = sourcecode.c.objc; path = AppDelegate.m; sourceTree = "<group>"; };
		886791311A5E2ADF00902C4C /* ViewController.h */ = {isa = PBXFileReference; lastKnownFileType = sourcecode.c.h; path = ViewController.h; sourceTree = "<group>"; };
		886791321A5E2ADF00902C4C /* ViewController.m */ = {isa = PBXFileReference; lastKnownFileType = sourcecode.c.objc; path = ViewController.m; sourceTree = "<group>"; };
		886791351A5E2ADF00902C4C /* Base */ = {isa = PBXFileReference; lastKnownFileType = file.storyboard; name = Base; path = Base.lproj/Main.storyboard; sourceTree = "<group>"; };
		886791371A5E2ADF00902C4C /* Images.xcassets */ = {isa = PBXFileReference; lastKnownFileType = folder.assetcatalog; path = Images.xcassets; sourceTree = "<group>"; };
		8867913A1A5E2ADF00902C4C /* Base */ = {isa = PBXFileReference; lastKnownFileType = file.xib; name = Base; path = Base.lproj/LaunchScreen.xib; sourceTree = "<group>"; };
		886791401A5E2ADF00902C4C /* GCProtocol&DelegateTests.xctest */ = {isa = PBXFileReference; explicitFileType = wrapper.cfbundle; includeInIndex = 0; path = "GCProtocol&DelegateTests.xctest"; sourceTree = BUILT_PRODUCTS_DIR; };
		886791451A5E2ADF00902C4C /* Info.plist */ = {isa = PBXFileReference; lastKnownFileType = text.plist.xml; path = Info.plist; sourceTree = "<group>"; };
		88E887FA1A5E5972007D9C49 /* ProtocolDelegate.h */ = {isa = PBXFileReference; fileEncoding = 4; lastKnownFileType = sourcecode.c.h; path = ProtocolDelegate.h; sourceTree = "<group>"; };
		88E887FB1A5E5E15007D9C49 /* ViewControllerB.h */ = {isa = PBXFileReference; fileEncoding = 4; lastKnownFileType = sourcecode.c.h; path = ViewControllerB.h; sourceTree = "<group>"; };
		88E887FC1A5E5E15007D9C49 /* ViewControllerB.m */ = {isa = PBXFileReference; fileEncoding = 4; lastKnownFileType = sourcecode.c.objc; path = ViewControllerB.m; sourceTree = "<group>"; };
/* End PBXFileReference section */

/* Begin PBXFrameworksBuildPhase section */
		886791241A5E2ADF00902C4C /* Frameworks */ = {
			isa = PBXFrameworksBuildPhase;
			buildActionMask = 2147483647;
			files = (
			);
			runOnlyForDeploymentPostprocessing = 0;
		};
		8867913D1A5E2ADF00902C4C /* Frameworks */ = {
			isa = PBXFrameworksBuildPhase;
			buildActionMask = 2147483647;
			files = (
			);
			runOnlyForDeploymentPostprocessing = 0;
		};
/* End PBXFrameworksBuildPhase section */

/* Begin PBXGroup section */
		8867911E1A5E2ADF00902C4C = {
			isa = PBXGroup;
			children = (
				886791291A5E2ADF00902C4C /* GCProtocol&Delegate */,
				886791431A5E2ADF00902C4C /* GCProtocol&DelegateTests */,
				886791281A5E2ADF00902C4C /* Products */,
			);
			sourceTree = "<group>";
		};
		886791281A5E2ADF00902C4C /* Products */ = {
			isa = PBXGroup;
			children = (
				886791271A5E2ADF00902C4C /* GCProtocol&Delegate.app */,
				886791401A5E2ADF00902C4C /* GCProtocol&DelegateTests.xctest */,
			);
			name = Products;
			sourceTree = "<group>";
		};
		886791291A5E2ADF00902C4C /* GCProtocol&Delegate */ = {
			isa = PBXGroup;
			children = (
				8867912E1A5E2ADF00902C4C /* AppDelegate.h */,
				8867912F1A5E2ADF00902C4C /* AppDelegate.m */,
				88E887FA1A5E5972007D9C49 /* ProtocolDelegate.h */,
				886791311A5E2ADF00902C4C /* ViewController.h */,
				886791321A5E2ADF00902C4C /* ViewController.m */,
				88E887FB1A5E5E15007D9C49 /* ViewControllerB.h */,
				88E887FC1A5E5E15007D9C49 /* ViewControllerB.m */,
				886791341A5E2ADF00902C4C /* Main.storyboard */,
				886791371A5E2ADF00902C4C /* Images.xcassets */,
				886791391A5E2ADF00902C4C /* LaunchScreen.xib */,
				8867912A1A5E2ADF00902C4C /* Supporting Files */,
			);
			path = "GCProtocol&Delegate";
			sourceTree = "<group>";
		};
		8867912A1A5E2ADF00902C4C /* Supporting Files */ = {
			isa = PBXGroup;
			children = (
				8867912B1A5E2ADF00902C4C /* Info.plist */,
				8867912C1A5E2ADF00902C4C /* main.m */,
			);
			name = "Supporting Files";
			sourceTree = "<group>";
		};
		886791431A5E2ADF00902C4C /* GCProtocol&DelegateTests */ = {
			isa = PBXGroup;
			children = (
				886791441A5E2ADF00902C4C /* Supporting Files */,
			);
			name = "GCProtocol&DelegateTests";
			path = "../test000 2/test000Tests";
			sourceTree = "<group>";
		};
		886791441A5E2ADF00902C4C /* Supporting Files */ = {
			isa = PBXGroup;
			children = (
				886791451A5E2ADF00902C4C /* Info.plist */,
			);
			name = "Supporting Files";
			sourceTree = "<group>";
		};
/* End PBXGroup section */

/* Begin PBXNativeTarget section */
		886791261A5E2ADF00902C4C /* GCProtocol&Delegate */ = {
			isa = PBXNativeTarget;
			buildConfigurationList = 8867914A1A5E2ADF00902C4C /* Build configuration list for PBXNativeTarget "GCProtocol&Delegate" */;
			buildPhases = (
				886791231A5E2ADF00902C4C /* Sources */,
				886791241A5E2ADF00902C4C /* Frameworks */,
				886791251A5E2ADF00902C4C /* Resources */,
			);
			buildRules = (
			);
			dependencies = (
			);
			name = "GCProtocol&Delegate";
			productName = test000;
			productReference = 886791271A5E2ADF00902C4C /* GCProtocol&Delegate.app */;
			productType = "com.apple.product-type.application";
		};
		8867913F1A5E2ADF00902C4C /* GCProtocol&DelegateTests */ = {
			isa = PBXNativeTarget;
			buildConfigurationList = 8867914D1A5E2ADF00902C4C /* Build configuration list for PBXNativeTarget "GCProtocol&DelegateTests" */;
			buildPhases = (
				8867913C1A5E2ADF00902C4C /* Sources */,
				8867913D1A5E2ADF00902C4C /* Frameworks */,
				8867913E1A5E2ADF00902C4C /* Resources */,
			);
			buildRules = (
			);
			dependencies = (
				886791421A5E2ADF00902C4C /* PBXTargetDependency */,
			);
			name = "GCProtocol&DelegateTests";
			productName = test000Tests;
			productReference = 886791401A5E2ADF00902C4C /* GCProtocol&DelegateTests.xctest */;
			productType = "com.apple.product-type.bundle.unit-test";
		};
/* End PBXNativeTarget section */

/* Begin PBXProject section */
		8867911F1A5E2ADF00902C4C /* Project object */ = {
			isa = PBXProject;
			attributes = {
				LastUpgradeCheck = 0700;
				ORGANIZATIONNAME = "1147626297@qq.com";
				TargetAttributes = {
					886791261A5E2ADF00902C4C = {
						CreatedOnToolsVersion = 6.1;
					};
					8867913F1A5E2ADF00902C4C = {
						CreatedOnToolsVersion = 6.1;
						TestTargetID = 886791261A5E2ADF00902C4C;
					};
				};
			};
			buildConfigurationList = 886791221A5E2ADF00902C4C /* Build configuration list for PBXProject "GCProtocol&Delegate" */;
			compatibilityVersion = "Xcode 3.2";
			developmentRegion = English;
			hasScannedForEncodings = 0;
			knownRegions = (
				en,
				Base,
			);
			mainGroup = 8867911E1A5E2ADF00902C4C;
			productRefGroup = 886791281A5E2ADF00902C4C /* Products */;
			projectDirPath = "";
			projectRoot = "";
			targets = (
				886791261A5E2ADF00902C4C /* GCProtocol&Delegate */,
				8867913F1A5E2ADF00902C4C /* GCProtocol&DelegateTests */,
			);
		};
/* End PBXProject section */

/* Begin PBXResourcesBuildPhase section */
		886791251A5E2ADF00902C4C /* Resources */ = {
			isa = PBXResourcesBuildPhase;
			buildActionMask = 2147483647;
			files = (
				886791361A5E2ADF00902C4C /* Main.storyboard in Resources */,
				8867913B1A5E2ADF00902C4C /* LaunchScreen.xib in Resources */,
				886791381A5E2ADF00902C4C /* Images.xcassets in Resources */,
			);
			runOnlyForDeploymentPostprocessing = 0;
		};
		8867913E1A5E2ADF00902C4C /* Resources */ = {
			isa = PBXResourcesBuildPhase;
			buildActionMask = 2147483647;
			files = (
			);
			runOnlyForDeploymentPostprocessing = 0;
		};
/* End PBXResourcesBuildPhase section */

/* Begin PBXSourcesBuildPhase section */
		886791231A5E2ADF00902C4C /* Sources */ = {
			isa = PBXSourcesBuildPhase;
			buildActionMask = 2147483647;
			files = (
				886791331A5E2ADF00902C4C /* ViewController.m in Sources */,
				886791301A5E2ADF00902C4C /* AppDelegate.m in Sources */,
				8867912D1A5E2ADF00902C4C /* main.m in Sources */,
				88E887FD1A5E5E15007D9C49 /* ViewControllerB.m in Sources */,
			);
			runOnlyForDeploymentPostprocessing = 0;
		};
		8867913C1A5E2ADF00902C4C /* Sources */ = {
			isa = PBXSourcesBuildPhase;
			buildActionMask = 2147483647;
			files = (
			);
			runOnlyForDeploymentPostprocessing = 0;
		};
/* End PBXSourcesBuildPhase section */

/* Begin PBXTargetDependency section */
		886791421A5E2ADF00902C4C /* PBXTargetDependency */ = {
			isa = PBXTargetDependency;
			target = 886791261A5E2ADF00902C4C /* GCProtocol&Delegate */;
			targetProxy = 886791411A5E2ADF00902C4C /* PBXContainerItemProxy */;
		};
/* End PBXTargetDependency section */

/* Begin PBXVariantGroup section */
		886791341A5E2ADF00902C4C /* Main.storyboard */ = {
			isa = PBXVariantGroup;
			children = (
				886791351A5E2ADF00902C4C /* Base */,
			);
			name = Main.storyboard;
			sourceTree = "<group>";
		};
		886791391A5E2ADF00902C4C /* LaunchScreen.xib */ = {
			isa = PBXVariantGroup;
			children = (
				8867913A1A5E2ADF00902C4C /* Base */,
			);
			name = LaunchScreen.xib;
			sourceTree = "<group>";
		};
/* End PBXVariantGroup section */

/* Begin XCBuildConfiguration section */
		886791481A5E2ADF00902C4C /* Debug */ = {
			isa = XCBuildConfiguration;
			buildSettings = {
				ALWAYS_SEARCH_USER_PATHS = NO;
				CLANG_CXX_LANGUAGE_STANDARD = "gnu++0x";
				CLANG_CXX_LIBRARY = "libc++";
				CLANG_ENABLE_MODULES = YES;
				CLANG_ENABLE_OBJC_ARC = YES;
				CLANG_WARN_BOOL_CONVERSION = YES;
				CLANG_WARN_CONSTANT_CONVERSION = YES;
				CLANG_WARN_DIRECT_OBJC_ISA_USAGE = YES_ERROR;
				CLANG_WARN_EMPTY_BODY = YES;
				CLANG_WARN_ENUM_CONVERSION = YES;
				CLANG_WARN_INT_CONVERSION = YES;
				CLANG_WARN_OBJC_ROOT_CLASS = YES_ERROR;
				CLANG_WARN_UNREACHABLE_CODE = YES;
				CLANG_WARN__DUPLICATE_METHOD_MATCH = YES;
				"CODE_SIGN_IDENTITY[sdk=iphoneos*]" = "iPhone Developer";
				COPY_PHASE_STRIP = NO;
				ENABLE_STRICT_OBJC_MSGSEND = YES;
				ENABLE_TESTABILITY = YES;
				GCC_C_LANGUAGE_STANDARD = gnu99;
				GCC_DYNAMIC_NO_PIC = NO;
				GCC_OPTIMIZATION_LEVEL = 0;
				GCC_PREPROCESSOR_DEFINITIONS = (
					"DEBUG=1",
					"$(inherited)",
				);
				GCC_SYMBOLS_PRIVATE_EXTERN = NO;
				GCC_WARN_64_TO_32_BIT_CONVERSION = YES;
				GCC_WARN_ABOUT_RETURN_TYPE = YES_ERROR;
				GCC_WARN_UNDECLARED_SELECTOR = YES;
				GCC_WARN_UNINITIALIZED_AUTOS = YES_AGGRESSIVE;
				GCC_WARN_UNUSED_FUNCTION = YES;
				GCC_WARN_UNUSED_VARIABLE = YES;
				IPHONEOS_DEPLOYMENT_TARGET = 8.1;
				MTL_ENABLE_DEBUG_INFO = YES;
				ONLY_ACTIVE_ARCH = YES;
				SDKROOT = iphoneos;
			};
			name = Debug;
		};
		886791491A5E2ADF00902C4C /* Release */ = {
			isa = XCBuildConfiguration;
			buildSettings = {
				ALWAYS_SEARCH_USER_PATHS = NO;
				CLANG_CXX_LANGUAGE_STANDARD = "gnu++0x";
				CLANG_CXX_LIBRARY = "libc++";
				CLANG_ENABLE_MODULES = YES;
				CLANG_ENABLE_OBJC_ARC = YES;
				CLANG_WARN_BOOL_CONVERSION = YES;
				CLANG_WARN_CONSTANT_CONVERSION = YES;
				CLANG_WARN_DIRECT_OBJC_ISA_USAGE = YES_ERROR;
				CLANG_WARN_EMPTY_BODY = YES;
				CLANG_WARN_ENUM_CONVERSION = YES;
				CLANG_WARN_INT_CONVERSION = YES;
				CLANG_WARN_OBJC_ROOT_CLASS = YES_ERROR;
				CLANG_WARN_UNREACHABLE_CODE = YES;
				CLANG_WARN__DUPLICATE_METHOD_MATCH = YES;
				"CODE_SIGN_IDENTITY[sdk=iphoneos*]" = "iPhone Developer";
				COPY_PHASE_STRIP = YES;
				ENABLE_NS_ASSERTIONS = NO;
				ENABLE_STRICT_OBJC_MSGSEND = YES;
				GCC_C_LANGUAGE_STANDARD = gnu99;
				GCC_WARN_64_TO_32_BIT_CONVERSION = YES;
				GCC_WARN_ABOUT_RETURN_TYPE = YES_ERROR;
				GCC_WARN_UNDECLARED_SELECTOR = YES;
				GCC_WARN_UNINITIALIZED_AUTOS = YES_AGGRESSIVE;
				GCC_WARN_UNUSED_FUNCTION = YES;
				GCC_WARN_UNUSED_VARIABLE = YES;
				IPHONEOS_DEPLOYMENT_TARGET = 8.1;
				MTL_ENABLE_DEBUG_INFO = NO;
				SDKROOT = iphoneos;
				VALIDATE_PRODUCT = YES;
			};
			name = Release;
		};
		8867914B1A5E2ADF00902C4C /* Debug */ = {
			isa = XCBuildConfiguration;
			buildSettings = {
				ASSETCATALOG_COMPILER_APPICON_NAME = AppIcon;
				INFOPLIST_FILE = "GCProtocol&Delegate/Info.plist";
				LD_RUNPATH_SEARCH_PATHS = "$(inherited) @executable_path/Frameworks";
				PRODUCT_BUNDLE_IDENTIFIER = "task.bjw.$(PRODUCT_NAME:rfc1034identifier)";
				PRODUCT_NAME = "GCProtocol&Delegate";
			};
			name = Debug;
		};
		8867914C1A5E2ADF00902C4C /* Release */ = {
			isa = XCBuildConfiguration;
			buildSettings = {
				ASSETCATALOG_COMPILER_APPICON_NAME = AppIcon;
				INFOPLIST_FILE = "GCProtocol&Delegate/Info.plist";
				LD_RUNPATH_SEARCH_PATHS = "$(inherited) @executable_path/Frameworks";
				PRODUCT_BUNDLE_IDENTIFIER = "task.bjw.$(PRODUCT_NAME:rfc1034identifier)";
				PRODUCT_NAME = "GCProtocol&Delegate";
			};
			name = Release;
		};
		8867914E1A5E2ADF00902C4C /* Debug */ = {
			isa = XCBuildConfiguration;
			buildSettings = {
				BUNDLE_LOADER = "$(TEST_HOST)";
				FRAMEWORK_SEARCH_PATHS = (
					"$(SDKROOT)/Developer/Library/Frameworks",
					"$(inherited)",
				);
				GCC_PREPROCESSOR_DEFINITIONS = (
					"DEBUG=1",
					"$(inherited)",
				);
				INFOPLIST_FILE = "GCProtocol&Delegate/Info.plist";
				LD_RUNPATH_SEARCH_PATHS = "$(inherited) @executable_path/Frameworks @loader_path/Frameworks";
				PRODUCT_BUNDLE_IDENTIFIER = "task.bjw.$(PRODUCT_NAME:rfc1034identifier)";
				PRODUCT_NAME = "GCProtocol&DelegateTests";
				TEST_HOST = "$(BUILT_PRODUCTS_DIR)/GCProtocol&Delegate.app/GCProtocol&Delegate";
			};
			name = Debug;
		};
		8867914F1A5E2ADF00902C4C /* Release */ = {
			isa = XCBuildConfiguration;
			buildSettings = {
				BUNDLE_LOADER = "$(TEST_HOST)";
				FRAMEWORK_SEARCH_PATHS = (
					"$(SDKROOT)/Developer/Library/Frameworks",
					"$(inherited)",
				);
				INFOPLIST_FILE = "GCProtocol&Delegate/Info.plist";
				LD_RUNPATH_SEARCH_PATHS = "$(inherited) @executable_path/Frameworks @loader_path/Frameworks";
				PRODUCT_BUNDLE_IDENTIFIER = "task.bjw.$(PRODUCT_NAME:rfc1034identifier)";
				PRODUCT_NAME = "GCProtocol&DelegateTests";
				TEST_HOST = "$(BUILT_PRODUCTS_DIR)/GCProtocol&Delegate.app/GCProtocol&Delegate";
			};
			name = Release;
		};
/* End XCBuildConfiguration section */

/* Begin XCConfigurationList section */
		886791221A5E2ADF00902C4C /* Build configuration list for PBXProject "GCProtocol&Delegate" */ = {
			isa = XCConfigurationList;
			buildConfigurations = (
				886791481A5E2ADF00902C4C /* Debug */,
				886791491A5E2ADF00902C4C /* Release */,
			);
			defaultConfigurationIsVisible = 0;
			defaultConfigurationName = Release;
		};
		8867914A1A5E2ADF00902C4C /* Build configuration list for PBXNativeTarget "GCProtocol&Delegate" */ = {
			isa = XCConfigurationList;
			buildConfigurations = (
				8867914B1A5E2ADF00902C4C /* Debug */,
				8867914C1A5E2ADF00902C4C /* Release */,
			);
			defaultConfigurationIsVisible = 0;
			defaultConfigurationName = Release;
		};
		8867914D1A5E2ADF00902C4C /* Build configuration list for PBXNativeTarget "GCProtocol&DelegateTests" */ = {
			isa = XCConfigurationList;
			buildConfigurations = (
				8867914E1A5E2ADF00902C4C /* Debug */,
				8867914F1A5E2ADF00902C4C /* Release */,
			);
			defaultConfigurationIsVisible = 0;
			defaultConfigurationName = Release;
		};
/* End XCConfigurationList section */
	};
	rootObject = 8867911F1A5E2ADF00902C4C /* Project object */;
}
